
Microsoft Visual Studio Solution File, Format Version 12.00
# Visual Studio Version 17
VisualStudioVersion = 17.0.31903.59
MinimumVisualStudioVersion = 10.0.40219.1
Project("{FAE04EC0-301F-11D3-BF4B-00C04F79EFBC}") = "CloneSpotify2", "CloneSpotify2\CloneSpotify2.csproj", "{9DA71F7A-CF5D-47CD-84CF-D7B4678F4092}"
EndProject
Global
	GlobalSection(SolutionConfigurationPlatforms) = preSolution
		Debug|Any CPU = Debug|Any CPU
		Release|Any CPU = Release|Any CPU
	EndGlobalSection
	GlobalSection(ProjectConfigurationPlatforms) = postSolution
		{9DA71F7A-CF5D-47CD-84CF-D7B4678F4092}.Debug|Any CPU.ActiveCfg = Debug|Any CPU
		{9DA71F7A-CF5D-47CD-84CF-D7B4678F4092}.Debug|Any CPU.Build.0 = Debug|Any CPU
		{9DA71F7A-CF5D-47CD-84CF-D7B4678F4092}.Release|Any CPU.ActiveCfg = Release|Any CPU
		{9DA71F7A-CF5D-47CD-84CF-D7B4678F4092}.Release|Any CPU.Build.0 = Release|Any CPU
	EndGlobalSection
	GlobalSection(SolutionProperties) = preSolution
		HideSolutionNode = FALSE
	EndGlobalSection
	GlobalSection(ExtensibilityGlobals) = postSolution
		SolutionGuid = {CBC03718-38E7-4461-AA4A-47F8FD59C773}
	EndGlobalSection
EndGlobal
